// !$*UTF8*$!
{
	archiveVersion = 1;
	classes = {
	};
	objectVersion = 50;
	objects = {

/* Begin PBXBuildFile section */
		EE5D283D26110BA5008746A3 /* AppDelegate.swift in Sources */ = {isa = PBXBuildFile; fileRef = EE5D283C26110BA5008746A3 /* AppDelegate.swift */; };
		EE5D283F26110BA5008746A3 /* SceneDelegate.swift in Sources */ = {isa = PBXBuildFile; fileRef = EE5D283E26110BA5008746A3 /* SceneDelegate.swift */; };
		EE5D284126110BA5008746A3 /* ViewController.swift in Sources */ = {isa = PBXBuildFile; fileRef = EE5D284026110BA5008746A3 /* ViewController.swift */; };
		EE5D284426110BA5008746A3 /* Main.storyboard in Resources */ = {isa = PBXBuildFile; fileRef = EE5D284226110BA5008746A3 /* Main.storyboard */; };
		EE5D284626110BA6008746A3 /* Assets.xcassets in Resources */ = {isa = PBXBuildFile; fileRef = EE5D284526110BA6008746A3 /* Assets.xcassets */; };
		EE5D284926110BA6008746A3 /* LaunchScreen.storyboard in Resources */ = {isa = PBXBuildFile; fileRef = EE5D284726110BA6008746A3 /* LaunchScreen.storyboard */; };
		EE5D285426110BA6008746A3 /* Exam1Tests.swift in Sources */ = {isa = PBXBuildFile; fileRef = EE5D285326110BA6008746A3 /* Exam1Tests.swift */; };
		EE5D285F26110BA6008746A3 /* Exam1UITests.swift in Sources */ = {isa = PBXBuildFile; fileRef = EE5D285E26110BA6008746A3 /* Exam1UITests.swift */; };
/* End PBXBuildFile section */

/* Begin PBXContainerItemProxy section */
		EE5D285026110BA6008746A3 /* PBXContainerItemProxy */ = {
			isa = PBXContainerItemProxy;
			containerPortal = EE5D283126110BA5008746A3 /* Project object */;
			proxyType = 1;
			remoteGlobalIDString = EE5D283826110BA5008746A3;
			remoteInfo = Exam1;
		};
		EE5D285B26110BA6008746A3 /* PBXContainerItemProxy */ = {
			isa = PBXContainerItemProxy;
			containerPortal = EE5D283126110BA5008746A3 /* Project object */;
			proxyType = 1;
			remoteGlobalIDString = EE5D283826110BA5008746A3;
			remoteInfo = Exam1;
		};
/* End PBXContainerItemProxy section */

/* Begin PBXFileReference section */
		EE5D283926110BA5008746A3 /* Exam1.app */ = {isa = PBXFileReference; explicitFileType = wrapper.application; includeInIndex = 0; path = Exam1.app; sourceTree = BUILT_PRODUCTS_DIR; };
		EE5D283C26110BA5008746A3 /* AppDelegate.swift */ = {isa = PBXFileReference; lastKnownFileType = sourcecode.swift; path = AppDelegate.swift; sourceTree = "<group>"; };
		EE5D283E26110BA5008746A3 /* SceneDelegate.swift */ = {isa = PBXFileReference; lastKnownFileType = sourcecode.swift; path = SceneDelegate.swift; sourceTree = "<group>"; };
		EE5D284026110BA5008746A3 /* ViewController.swift */ = {isa = PBXFileReference; lastKnownFileType = sourcecode.swift; path = ViewController.swift; sourceTree = "<group>"; };
		EE5D284326110BA5008746A3 /* Base */ = {isa = PBXFileReference; lastKnownFileType = file.storyboard; name = Base; path = Base.lproj/Main.storyboard; sourceTree = "<group>"; };
		EE5D284526110BA6008746A3 /* Assets.xcassets */ = {isa = PBXFileReference; lastKnownFileType = folder.assetcatalog; path = Assets.xcassets; sourceTree = "<group>"; };
		EE5D284826110BA6008746A3 /* Base */ = {isa = PBXFileReference; lastKnownFileType = file.storyboard; name = Base; path = Base.lproj/LaunchScreen.storyboard; sourceTree = "<group>"; };
		EE5D284A26110BA6008746A3 /* Info.plist */ = {isa = PBXFileReference; lastKnownFileType = text.plist.xml; path = Info.plist; sourceTree = "<group>"; };
		EE5D284F26110BA6008746A3 /* Exam1Tests.xctest */ = {isa = PBXFileReference; explicitFileType = wrapper.cfbundle; includeInIndex = 0; path = Exam1Tests.xctest; sourceTree = BUILT_PRODUCTS_DIR; };
		EE5D285326110BA6008746A3 /* Exam1Tests.swift */ = {isa = PBXFileReference; lastKnownFileType = sourcecode.swift; path = Exam1Tests.swift; sourceTree = "<group>"; };
		EE5D285526110BA6008746A3 /* Info.plist */ = {isa = PBXFileReference; lastKnownFileType = text.plist.xml; path = Info.plist; sourceTree = "<group>"; };
		EE5D285A26110BA6008746A3 /* Exam1UITests.xctest */ = {isa = PBXFileReference; explicitFileType = wrapper.cfbundle; includeInIndex = 0; path = Exam1UITests.xctest; sourceTree = BUILT_PRODUCTS_DIR; };
		EE5D285E26110BA6008746A3 /* Exam1UITests.swift */ = {isa = PBXFileReference; lastKnownFileType = sourcecode.swift; path = Exam1UITests.swift; sourceTree = "<group>"; };
		EE5D286026110BA6008746A3 /* Info.plist */ = {isa = PBXFileReference; lastKnownFileType = text.plist.xml; path = Info.plist; sourceTree = "<group>"; };
/* End PBXFileReference section */

/* Begin PBXFrameworksBuildPhase section */
		EE5D283626110BA5008746A3 /* Frameworks */ = {
			isa = PBXFrameworksBuildPhase;
			buildActionMask = 2147483647;
			files = (
			);
			runOnlyForDeploymentPostprocessing = 0;
		};
		EE5D284C26110BA6008746A3 /* Frameworks */ = {
			isa = PBXFrameworksBuildPhase;
			buildActionMask = 2147483647;
			files = (
			);
			runOnlyForDeploymentPostprocessing = 0;
		};
		EE5D285726110BA6008746A3 /* Frameworks */ = {
			isa = PBXFrameworksBuildPhase;
			buildActionMask = 2147483647;
			files = (
			);
			runOnlyForDeploymentPostprocessing = 0;
		};
/* End PBXFrameworksBuildPhase section */

/* Begin PBXGroup section */
		EE5D283026110BA5008746A3 = {
			isa = PBXGroup;
			children = (
				EE5D283B26110BA5008746A3 /* Exam1 */,
				EE5D285226110BA6008746A3 /* Exam1Tests */,
				EE5D285D26110BA6008746A3 /* Exam1UITests */,
				EE5D283A26110BA5008746A3 /* Products */,
			);
			sourceTree = "<group>";
		};
		EE5D283A26110BA5008746A3 /* Products */ = {
			isa = PBXGroup;
			children = (
				EE5D283926110BA5008746A3 /* Exam1.app */,
				EE5D284F26110BA6008746A3 /* Exam1Tests.xctest */,
				EE5D285A26110BA6008746A3 /* Exam1UITests.xctest */,
			);
			name = Products;
			sourceTree = "<group>";
		};
		EE5D283B26110BA5008746A3 /* Exam1 */ = {
			isa = PBXGroup;
			children = (
				EE5D283C26110BA5008746A3 /* AppDelegate.swift */,
				EE5D283E26110BA5008746A3 /* SceneDelegate.swift */,
				EE5D284026110BA5008746A3 /* ViewController.swift */,
				EE5D284226110BA5008746A3 /* Main.storyboard */,
				EE5D284526110BA6008746A3 /* Assets.xcassets */,
				EE5D284726110BA6008746A3 /* LaunchScreen.storyboard */,
				EE5D284A26110BA6008746A3 /* Info.plist */,
			);
			path = Exam1;
			sourceTree = "<group>";
		};
		EE5D285226110BA6008746A3 /* Exam1Tests */ = {
			isa = PBXGroup;
			children = (
				EE5D285326110BA6008746A3 /* Exam1Tests.swift */,
				EE5D285526110BA6008746A3 /* Info.plist */,
			);
			path = Exam1Tests;
			sourceTree = "<group>";
		};
		EE5D285D26110BA6008746A3 /* Exam1UITests */ = {
			isa = PBXGroup;
			children = (
				EE5D285E26110BA6008746A3 /* Exam1UITests.swift */,
				EE5D286026110BA6008746A3 /* Info.plist */,
			);
			path = Exam1UITests;
			sourceTree = "<group>";
		};
/* End PBXGroup section */

/* Begin PBXNativeTarget section */
		EE5D283826110BA5008746A3 /* Exam1 */ = {
			isa = PBXNativeTarget;
			buildConfigurationList = EE5D286326110BA6008746A3 /* Build configuration list for PBXNativeTarget "Exam1" */;
			buildPhases = (
				EE5D283526110BA5008746A3 /* Sources */,
				EE5D283626110BA5008746A3 /* Frameworks */,
				EE5D283726110BA5008746A3 /* Resources */,
			);
			buildRules = (
			);
			dependencies = (
			);
			name = Exam1;
			productName = Exam1;
			productReference = EE5D283926110BA5008746A3 /* Exam1.app */;
			productType = "com.apple.product-type.application";
		};
		EE5D284E26110BA6008746A3 /* Exam1Tests */ = {
			isa = PBXNativeTarget;
			buildConfigurationList = EE5D286626110BA6008746A3 /* Build configuration list for PBXNativeTarget "Exam1Tests" */;
			buildPhases = (
				EE5D284B26110BA6008746A3 /* Sources */,
				EE5D284C26110BA6008746A3 /* Frameworks */,
				EE5D284D26110BA6008746A3 /* Resources */,
			);
			buildRules = (
			);
			dependencies = (
				EE5D285126110BA6008746A3 /* PBXTargetDependency */,
			);
			name = Exam1Tests;
			productName = Exam1Tests;
			productReference = EE5D284F26110BA6008746A3 /* Exam1Tests.xctest */;
			productType = "com.apple.product-type.bundle.unit-test";
		};
		EE5D285926110BA6008746A3 /* Exam1UITests */ = {
			isa = PBXNativeTarget;
			buildConfigurationList = EE5D286926110BA6008746A3 /* Build configuration list for PBXNativeTarget "Exam1UITests" */;
			buildPhases = (
				EE5D285626110BA6008746A3 /* Sources */,
				EE5D285726110BA6008746A3 /* Frameworks */,
				EE5D285826110BA6008746A3 /* Resources */,
			);
			buildRules = (
			);
			dependencies = (
				EE5D285C26110BA6008746A3 /* PBXTargetDependency */,
			);
			name = Exam1UITests;
			productName = Exam1UITests;
			productReference = EE5D285A26110BA6008746A3 /* Exam1UITests.xctest */;
			productType = "com.apple.product-type.bundle.ui-testing";
		};
/* End PBXNativeTarget section */

/* Begin PBXProject section */
		EE5D283126110BA5008746A3 /* Project object */ = {
			isa = PBXProject;
			attributes = {
				LastSwiftUpdateCheck = 1240;
				LastUpgradeCheck = 1240;
				TargetAttributes = {
					EE5D283826110BA5008746A3 = {
						CreatedOnToolsVersion = 12.4;
					};
					EE5D284E26110BA6008746A3 = {
						CreatedOnToolsVersion = 12.4;
						TestTargetID = EE5D283826110BA5008746A3;
					};
					EE5D285926110BA6008746A3 = {
						CreatedOnToolsVersion = 12.4;
						TestTargetID = EE5D283826110BA5008746A3;
					};
				};
			};
			buildConfigurationList = EE5D283426110BA5008746A3 /* Build configuration list for PBXProject "Exam1" */;
			compatibilityVersion = "Xcode 9.3";
			developmentRegion = en;
			hasScannedForEncodings = 0;
			knownRegions = (
				en,
				Base,
			);
			mainGroup = EE5D283026110BA5008746A3;
			productRefGroup = EE5D283A26110BA5008746A3 /* Products */;
			projectDirPath = "";
			projectRoot = "";
			targets = (
				EE5D283826110BA5008746A3 /* Exam1 */,
				EE5D284E26110BA6008746A3 /* Exam1Tests */,
				EE5D285926110BA6008746A3 /* Exam1UITests */,
			);
		};
/* End PBXProject section */

/* Begin PBXResourcesBuildPhase section */
		EE5D283726110BA5008746A3 /* Resources */ = {
			isa = PBXResourcesBuildPhase;
			buildActionMask = 2147483647;
			files = (
				EE5D284926110BA6008746A3 /* LaunchScreen.storyboard in Resources */,
				EE5D284626110BA6008746A3 /* Assets.xcassets in Resources */,
				EE5D284426110BA5008746A3 /* Main.storyboard in Resources */,
			);
			runOnlyForDeploymentPostprocessing = 0;
		};
		EE5D284D26110BA6008746A3 /* Resources */ = {
			isa = PBXResourcesBuildPhase;
			buildActionMask = 2147483647;
			files = (
			);
			runOnlyForDeploymentPostprocessing = 0;
		};
		EE5D285826110BA6008746A3 /* Resources */ = {
			isa = PBXResourcesBuildPhase;
			buildActionMask = 2147483647;
			files = (
			);
			runOnlyForDeploymentPostprocessing = 0;
		};
/* End PBXResourcesBuildPhase section */

/* Begin PBXSourcesBuildPhase section */
		EE5D283526110BA5008746A3 /* Sources */ = {
			isa = PBXSourcesBuildPhase;
			buildActionMask = 2147483647;
			files = (
				EE5D284126110BA5008746A3 /* ViewController.swift in Sources */,
				EE5D283D26110BA5008746A3 /* AppDelegate.swift in Sources */,
				EE5D283F26110BA5008746A3 /* SceneDelegate.swift in Sources */,
			);
			runOnlyForDeploymentPostprocessing = 0;
		};
		EE5D284B26110BA6008746A3 /* Sources */ = {
			isa = PBXSourcesBuildPhase;
			buildActionMask = 2147483647;
			files = (
				EE5D285426110BA6008746A3 /* Exam1Tests.swift in Sources */,
			);
			runOnlyForDeploymentPostprocessing = 0;
		};
		EE5D285626110BA6008746A3 /* Sources */ = {
			isa = PBXSourcesBuildPhase;
			buildActionMask = 2147483647;
			files = (
				EE5D285F26110BA6008746A3 /* Exam1UITests.swift in Sources */,
			);
			runOnlyForDeploymentPostprocessing = 0;
		};
/* End PBXSourcesBuildPhase section */

/* Begin PBXTargetDependency section */
		EE5D285126110BA6008746A3 /* PBXTargetDependency */ = {
			isa = PBXTargetDependency;
			target = EE5D283826110BA5008746A3 /* Exam1 */;
			targetProxy = EE5D285026110BA6008746A3 /* PBXContainerItemProxy */;
		};
		EE5D285C26110BA6008746A3 /* PBXTargetDependency */ = {
			isa = PBXTargetDependency;
			target = EE5D283826110BA5008746A3 /* Exam1 */;
			targetProxy = EE5D285B26110BA6008746A3 /* PBXContainerItemProxy */;
		};
/* End PBXTargetDependency section */

/* Begin PBXVariantGroup section */
		EE5D284226110BA5008746A3 /* Main.storyboard */ = {
			isa = PBXVariantGroup;
			children = (
				EE5D284326110BA5008746A3 /* Base */,
			);
			name = Main.storyboard;
			sourceTree = "<group>";
		};
		EE5D284726110BA6008746A3 /* LaunchScreen.storyboard */ = {
			isa = PBXVariantGroup;
			children = (
				EE5D284826110BA6008746A3 /* Base */,
			);
			name = LaunchScreen.storyboard;
			sourceTree = "<group>";
		};
/* End PBXVariantGroup section */

/* Begin XCBuildConfiguration section */
		EE5D286126110BA6008746A3 /* Debug */ = {
			isa = XCBuildConfiguration;
			buildSettings = {
				ALWAYS_SEARCH_USER_PATHS = NO;
				CLANG_ANALYZER_NONNULL = YES;
				CLANG_ANALYZER_NUMBER_OBJECT_CONVERSION = YES_AGGRESSIVE;
				CLANG_CXX_LANGUAGE_STANDARD = "gnu++14";
				CLANG_CXX_LIBRARY = "libc++";
				CLANG_ENABLE_MODULES = YES;
				CLANG_ENABLE_OBJC_ARC = YES;
				CLANG_ENABLE_OBJC_WEAK = YES;
				CLANG_WARN_BLOCK_CAPTURE_AUTORELEASING = YES;
				CLANG_WARN_BOOL_CONVERSION = YES;
				CLANG_WARN_COMMA = YES;
				CLANG_WARN_CONSTANT_CONVERSION = YES;
				CLANG_WARN_DEPRECATED_OBJC_IMPLEMENTATIONS = YES;
				CLANG_WARN_DIRECT_OBJC_ISA_USAGE = YES_ERROR;
				CLANG_WARN_DOCUMENTATION_COMMENTS = YES;
				CLANG_WARN_EMPTY_BODY = YES;
				CLANG_WARN_ENUM_CONVERSION = YES;
				CLANG_WARN_INFINITE_RECURSION = YES;
				CLANG_WARN_INT_CONVERSION = YES;
				CLANG_WARN_NON_LITERAL_NULL_CONVERSION = YES;
				CLANG_WARN_OBJC_IMPLICIT_RETAIN_SELF = YES;
				CLANG_WARN_OBJC_LITERAL_CONVERSION = YES;
				CLANG_WARN_OBJC_ROOT_CLASS = YES_ERROR;
				CLANG_WARN_QUOTED_INCLUDE_IN_FRAMEWORK_HEADER = YES;
				CLANG_WARN_RANGE_LOOP_ANALYSIS = YES;
				CLANG_WARN_STRICT_PROTOTYPES = YES;
				CLANG_WARN_SUSPICIOUS_MOVE = YES;
				CLANG_WARN_UNGUARDED_AVAILABILITY = YES_AGGRESSIVE;
				CLANG_WARN_UNREACHABLE_CODE = YES;
				CLANG_WARN__DUPLICATE_METHOD_MATCH = YES;
				COPY_PHASE_STRIP = NO;
				DEBUG_INFORMATION_FORMAT = dwarf;
				ENABLE_STRICT_OBJC_MSGSEND = YES;
				ENABLE_TESTABILITY = YES;
				GCC_C_LANGUAGE_STANDARD = gnu11;
				GCC_DYNAMIC_NO_PIC = NO;
				GCC_NO_COMMON_BLOCKS = YES;
				GCC_OPTIMIZATION_LEVEL = 0;
				GCC_PREPROCESSOR_DEFINITIONS = (
					"DEBUG=1",
					"$(inherited)",
				);
				GCC_WARN_64_TO_32_BIT_CONVERSION = YES;
				GCC_WARN_ABOUT_RETURN_TYPE = YES_ERROR;
				GCC_WARN_UNDECLARED_SELECTOR = YES;
				GCC_WARN_UNINITIALIZED_AUTOS = YES_AGGRESSIVE;
				GCC_WARN_UNUSED_FUNCTION = YES;
				GCC_WARN_UNUSED_VARIABLE = YES;
				IPHONEOS_DEPLOYMENT_TARGET = 14.4;
				MTL_ENABLE_DEBUG_INFO = INCLUDE_SOURCE;
				MTL_FAST_MATH = YES;
				ONLY_ACTIVE_ARCH = YES;
				SDKROOT = iphoneos;
				SWIFT_ACTIVE_COMPILATION_CONDITIONS = DEBUG;
				SWIFT_OPTIMIZATION_LEVEL = "-Onone";
			};
			name = Debug;
		};
		EE5D286226110BA6008746A3 /* Release */ = {
			isa = XCBuildConfiguration;
			buildSettings = {
				ALWAYS_SEARCH_USER_PATHS = NO;
				CLANG_ANALYZER_NONNULL = YES;
				CLANG_ANALYZER_NUMBER_OBJECT_CONVERSION = YES_AGGRESSIVE;
				CLANG_CXX_LANGUAGE_STANDARD = "gnu++14";
				CLANG_CXX_LIBRARY = "libc++";
				CLANG_ENABLE_MODULES = YES;
				CLANG_ENABLE_OBJC_ARC = YES;
				CLANG_ENABLE_OBJC_WEAK = YES;
				CLANG_WARN_BLOCK_CAPTURE_AUTORELEASING = YES;
				CLANG_WARN_BOOL_CONVERSION = YES;
				CLANG_WARN_COMMA = YES;
				CLANG_WARN_CONSTANT_CONVERSION = YES;
				CLANG_WARN_DEPRECATED_OBJC_IMPLEMENTATIONS = YES;
				CLANG_WARN_DIRECT_OBJC_ISA_USAGE = YES_ERROR;
				CLANG_WARN_DOCUMENTATION_COMMENTS = YES;
				CLANG_WARN_EMPTY_BODY = YES;
				CLANG_WARN_ENUM_CONVERSION = YES;
				CLANG_WARN_INFINITE_RECURSION = YES;
				CLANG_WARN_INT_CONVERSION = YES;
				CLANG_WARN_NON_LITERAL_NULL_CONVERSION = YES;
				CLANG_WARN_OBJC_IMPLICIT_RETAIN_SELF = YES;
				CLANG_WARN_OBJC_LITERAL_CONVERSION = YES;
				CLANG_WARN_OBJC_ROOT_CLASS = YES_ERROR;
				CLANG_WARN_QUOTED_INCLUDE_IN_FRAMEWORK_HEADER = YES;
				CLANG_WARN_RANGE_LOOP_ANALYSIS = YES;
				CLANG_WARN_STRICT_PROTOTYPES = YES;
				CLANG_WARN_SUSPICIOUS_MOVE = YES;
				CLANG_WARN_UNGUARDED_AVAILABILITY = YES_AGGRESSIVE;
				CLANG_WARN_UNREACHABLE_CODE = YES;
				CLANG_WARN__DUPLICATE_METHOD_MATCH = YES;
				COPY_PHASE_STRIP = NO;
				DEBUG_INFORMATION_FORMAT = "dwarf-with-dsym";
				ENABLE_NS_ASSERTIONS = NO;
				ENABLE_STRICT_OBJC_MSGSEND = YES;
				GCC_C_LANGUAGE_STANDARD = gnu11;
				GCC_NO_COMMON_BLOCKS = YES;
				GCC_WARN_64_TO_32_BIT_CONVERSION = YES;
				GCC_WARN_ABOUT_RETURN_TYPE = YES_ERROR;
				GCC_WARN_UNDECLARED_SELECTOR = YES;
				GCC_WARN_UNINITIALIZED_AUTOS = YES_AGGRESSIVE;
				GCC_WARN_UNUSED_FUNCTION = YES;
				GCC_WARN_UNUSED_VARIABLE = YES;
				IPHONEOS_DEPLOYMENT_TARGET = 14.4;
				MTL_ENABLE_DEBUG_INFO = NO;
				MTL_FAST_MATH = YES;
				SDKROOT = iphoneos;
				SWIFT_COMPILATION_MODE = wholemodule;
				SWIFT_OPTIMIZATION_LEVEL = "-O";
				VALIDATE_PRODUCT = YES;
			};
			name = Release;
		};
		EE5D286426110BA6008746A3 /* Debug */ = {
			isa = XCBuildConfiguration;
			buildSettings = {
				ASSETCATALOG_COMPILER_APPICON_NAME = AppIcon;
				ASSETCATALOG_COMPILER_GLOBAL_ACCENT_COLOR_NAME = AccentColor;
				CODE_SIGN_STYLE = Automatic;
				DEVELOPMENT_TEAM = 5P9QURR8FS;
				INFOPLIST_FILE = Exam1/Info.plist;
				LD_RUNPATH_SEARCH_PATHS = (
					"$(inherited)",
					"@executable_path/Frameworks",
				);
				PRODUCT_BUNDLE_IDENTIFIER = ItsMojo.Exam1;
				PRODUCT_NAME = "$(TARGET_NAME)";
				SWIFT_VERSION = 5.0;
				TARGETED_DEVICE_FAMILY = "1,2";
			};
			name = Debug;
		};
		EE5D286526110BA6008746A3 /* Release */ = {
			isa = XCBuildConfiguration;
			buildSettings = {
				ASSETCATALOG_COMPILER_APPICON_NAME = AppIcon;
				ASSETCATALOG_COMPILER_GLOBAL_ACCENT_COLOR_NAME = AccentColor;
				CODE_SIGN_STYLE = Automatic;
				DEVELOPMENT_TEAM = 5P9QURR8FS;
				INFOPLIST_FILE = Exam1/Info.plist;
				LD_RUNPATH_SEARCH_PATHS = (
					"$(inherited)",
					"@executable_path/Frameworks",
				);
				PRODUCT_BUNDLE_IDENTIFIER = ItsMojo.Exam1;
				PRODUCT_NAME = "$(TARGET_NAME)";
				SWIFT_VERSION = 5.0;
				TARGETED_DEVICE_FAMILY = "1,2";
			};
			name = Release;
		};
		EE5D286726110BA6008746A3 /* Debug */ = {
			isa = XCBuildConfiguration;
			buildSettings = {
				ALWAYS_EMBED_SWIFT_STANDARD_LIBRARIES = YES;
				BUNDLE_LOADER = "$(TEST_HOST)";
				CODE_SIGN_STYLE = Automatic;
				DEVELOPMENT_TEAM = 5P9QURR8FS;
				INFOPLIST_FILE = Exam1Tests/Info.plist;
				IPHONEOS_DEPLOYMENT_TARGET = 14.4;
				LD_RUNPATH_SEARCH_PATHS = (
					"$(inherited)",
					"@executable_path/Frameworks",
					"@loader_path/Frameworks",
				);
				PRODUCT_BUNDLE_IDENTIFIER = ItsMojo.Exam1Tests;
				PRODUCT_NAME = "$(TARGET_NAME)";
				SWIFT_VERSION = 5.0;
				TARGETED_DEVICE_FAMILY = "1,2";
				TEST_HOST = "$(BUILT_PRODUCTS_DIR)/Exam1.app/Exam1";
			};
			name = Debug;
		};
		EE5D286826110BA6008746A3 /* Release */ = {
			isa = XCBuildConfiguration;
			buildSettings = {
				ALWAYS_EMBED_SWIFT_STANDARD_LIBRARIES = YES;
				BUNDLE_LOADER = "$(TEST_HOST)";
				CODE_SIGN_STYLE = Automatic;
				DEVELOPMENT_TEAM = 5P9QURR8FS;
				INFOPLIST_FILE = Exam1Tests/Info.plist;
				IPHONEOS_DEPLOYMENT_TARGET = 14.4;
				LD_RUNPATH_SEARCH_PATHS = (
					"$(inherited)",
					"@executable_path/Frameworks",
					"@loader_path/Frameworks",
				);
				PRODUCT_BUNDLE_IDENTIFIER = ItsMojo.Exam1Tests;
				PRODUCT_NAME = "$(TARGET_NAME)";
				SWIFT_VERSION = 5.0;
				TARGETED_DEVICE_FAMILY = "1,2";
				TEST_HOST = "$(BUILT_PRODUCTS_DIR)/Exam1.app/Exam1";
			};
			name = Release;
		};
		EE5D286A26110BA6008746A3 /* Debug */ = {
			isa = XCBuildConfiguration;
			buildSettings = {
				ALWAYS_EMBED_SWIFT_STANDARD_LIBRARIES = YES;
				CODE_SIGN_STYLE = Automatic;
				DEVELOPMENT_TEAM = 5P9QURR8FS;
				INFOPLIST_FILE = Exam1UITests/Info.plist;
				LD_RUNPATH_SEARCH_PATHS = (
					"$(inherited)",
					"@executable_path/Frameworks",
					"@loader_path/Frameworks",
				);
				PRODUCT_BUNDLE_IDENTIFIER = ItsMojo.Exam1UITests;
				PRODUCT_NAME = "$(TARGET_NAME)";
				SWIFT_VERSION = 5.0;
				TARGETED_DEVICE_FAMILY = "1,2";
				TEST_TARGET_NAME = Exam1;
			};
			name = Debug;
		};
		EE5D286B26110BA6008746A3 /* Release */ = {
			isa = XCBuildConfiguration;
			buildSettings = {
				ALWAYS_EMBED_SWIFT_STANDARD_LIBRARIES = YES;
				CODE_SIGN_STYLE = Automatic;
				DEVELOPMENT_TEAM = 5P9QURR8FS;
				INFOPLIST_FILE = Exam1UITests/Info.plist;
				LD_RUNPATH_SEARCH_PATHS = (
					"$(inherited)",
					"@executable_path/Frameworks",
					"@loader_path/Frameworks",
				);
				PRODUCT_BUNDLE_IDENTIFIER = ItsMojo.Exam1UITests;
				PRODUCT_NAME = "$(TARGET_NAME)";
				SWIFT_VERSION = 5.0;
				TARGETED_DEVICE_FAMILY = "1,2";
				TEST_TARGET_NAME = Exam1;
			};
			name = Release;
		};
/* End XCBuildConfiguration section */

/* Begin XCConfigurationList section */
		EE5D283426110BA5008746A3 /* Build configuration list for PBXProject "Exam1" */ = {
			isa = XCConfigurationList;
			buildConfigurations = (
				EE5D286126110BA6008746A3 /* Debug */,
				EE5D286226110BA6008746A3 /* Release */,
			);
			defaultConfigurationIsVisible = 0;
			defaultConfigurationName = Release;
		};
		EE5D286326110BA6008746A3 /* Build configuration list for PBXNativeTarget "Exam1" */ = {
			isa = XCConfigurationList;
			buildConfigurations = (
				EE5D286426110BA6008746A3 /* Debug */,
				EE5D286526110BA6008746A3 /* Release */,
			);
			defaultConfigurationIsVisible = 0;
			defaultConfigurationName = Release;
		};
		EE5D286626110BA6008746A3 /* Build configuration list for PBXNativeTarget "Exam1Tests" */ = {
			isa = XCConfigurationList;
			buildConfigurations = (
				EE5D286726110BA6008746A3 /* Debug */,
				EE5D286826110BA6008746A3 /* Release */,
			);
			defaultConfigurationIsVisible = 0;
			defaultConfigurationName = Release;
		};
		EE5D286926110BA6008746A3 /* Build configuration list for PBXNativeTarget "Exam1UITests" */ = {
			isa = XCConfigurationList;
			buildConfigurations = (
				EE5D286A26110BA6008746A3 /* Debug */,
				EE5D286B26110BA6008746A3 /* Release */,
			);
			defaultConfigurationIsVisible = 0;
			defaultConfigurationName = Release;
		};
/* End XCConfigurationList section */
	};
	rootObject = EE5D283126110BA5008746A3 /* Project object */;
}
